
Microsoft Visual Studio Solution File, Format Version 12.00
# Visual Studio Version 16
VisualStudioVersion = 16.0.31112.23
MinimumVisualStudioVersion = 10.0.40219.1
Project("{FAE04EC0-301F-11D3-BF4B-00C04F79EFBC}") = "Entidades", "Entidades\Entidades.csproj", "{90C93D86-D585-4951-AB02-CFF5BAEE4FF4}"
EndProject
Project("{FAE04EC0-301F-11D3-BF4B-00C04F79EFBC}") = "MiCalculadora", "MiCalculadora\MiCalculadora.csproj", "{828ECFBE-9EE3-4D9B-856E-51B506172115}"
EndProject
Global
	GlobalSection(SolutionConfigurationPlatforms) = preSolution
		Debug|Any CPU = Debug|Any CPU
		Release|Any CPU = Release|Any CPU
	EndGlobalSection
	GlobalSection(ProjectConfigurationPlatforms) = postSolution
		{90C93D86-D585-4951-AB02-CFF5BAEE4FF4}.Debug|Any CPU.ActiveCfg = Debug|Any CPU
		{90C93D86-D585-4951-AB02-CFF5BAEE4FF4}.Debug|Any CPU.Build.0 = Debug|Any CPU
		{90C93D86-D585-4951-AB02-CFF5BAEE4FF4}.Release|Any CPU.ActiveCfg = Release|Any CPU
		{90C93D86-D585-4951-AB02-CFF5BAEE4FF4}.Release|Any CPU.Build.0 = Release|Any CPU
		{828ECFBE-9EE3-4D9B-856E-51B506172115}.Debug|Any CPU.ActiveCfg = Debug|Any CPU
		{828ECFBE-9EE3-4D9B-856E-51B506172115}.Debug|Any CPU.Build.0 = Debug|Any CPU
		{828ECFBE-9EE3-4D9B-856E-51B506172115}.Release|Any CPU.ActiveCfg = Release|Any CPU
		{828ECFBE-9EE3-4D9B-856E-51B506172115}.Release|Any CPU.Build.0 = Release|Any CPU
	EndGlobalSection
	GlobalSection(SolutionProperties) = preSolution
		HideSolutionNode = FALSE
	EndGlobalSection
	GlobalSection(ExtensibilityGlobals) = postSolution
		SolutionGuid = {BDFB94B1-89E4-4E15-A50E-48CCD2B60DF6}
	EndGlobalSection
EndGlobal
